
Microsoft Visual Studio Solution File, Format Version 12.00
# Visual Studio 15
VisualStudioVersion = 15.0.28307.902
MinimumVisualStudioVersion = 10.0.40219.1
Project("{FAE04EC0-301F-11D3-BF4B-00C04F79EFBC}") = "API1", "API1\API1.csproj", "{A2F6487D-DE2D-4BA4-B9AC-42CDCF292357}"
EndProject
Global
	GlobalSection(SolutionConfigurationPlatforms) = preSolution
		Debug|Any CPU = Debug|Any CPU
		Release|Any CPU = Release|Any CPU
	EndGlobalSection
	GlobalSection(ProjectConfigurationPlatforms) = postSolution
		{A2F6487D-DE2D-4BA4-B9AC-42CDCF292357}.Debug|Any CPU.ActiveCfg = Debug|Any CPU
		{A2F6487D-DE2D-4BA4-B9AC-42CDCF292357}.Debug|Any CPU.Build.0 = Debug|Any CPU
		{A2F6487D-DE2D-4BA4-B9AC-42CDCF292357}.Release|Any CPU.ActiveCfg = Release|Any CPU
		{A2F6487D-DE2D-4BA4-B9AC-42CDCF292357}.Release|Any CPU.Build.0 = Release|Any CPU
	EndGlobalSection
	GlobalSection(SolutionProperties) = preSolution
		HideSolutionNode = FALSE
	EndGlobalSection
	GlobalSection(ExtensibilityGlobals) = postSolution
		SolutionGuid = {96849E3F-4B03-4B74-B4B8-CD009676F7D8}
	EndGlobalSection
EndGlobal
